Microsoft Visual Studio Solution File, Format Version 11.00
# Visual Studio 2008

Project("{6FB1EB97-B493-B872-0F80-254E7E23A168}") = "subtitles_unity", "Assembly-CSharp.csproj", "{93250B8E-1467-8C1F-7AC8-15C9D6A2F7F0}"
EndProject
Project("{6FB1EB97-B493-B872-0F80-254E7E23A168}") = "subtitles_unity", "Assembly-CSharp-Editor.csproj", "{315215F7-3388-DEF7-987D-138993014D29}"
EndProject
Global
	GlobalSection(SolutionConfigurationPlatforms) = preSolution
		Debug|Any CPU = Debug|Any CPU
		Release|Any CPU = Release|Any CPU
	EndGlobalSection
	GlobalSection(ProjectConfigurationPlatforms) = postSolution
		{93250B8E-1467-8C1F-7AC8-15C9D6A2F7F0}.Debug|Any CPU.ActiveCfg = Debug|Any CPU
		{93250B8E-1467-8C1F-7AC8-15C9D6A2F7F0}.Debug|Any CPU.Build.0 = Debug|Any CPU
		{93250B8E-1467-8C1F-7AC8-15C9D6A2F7F0}.Release|Any CPU.ActiveCfg = Release|Any CPU
		{93250B8E-1467-8C1F-7AC8-15C9D6A2F7F0}.Release|Any CPU.Build.0 = Release|Any CPU
		{315215F7-3388-DEF7-987D-138993014D29}.Debug|Any CPU.ActiveCfg = Debug|Any CPU
		{315215F7-3388-DEF7-987D-138993014D29}.Debug|Any CPU.Build.0 = Debug|Any CPU
		{315215F7-3388-DEF7-987D-138993014D29}.Release|Any CPU.ActiveCfg = Release|Any CPU
		{315215F7-3388-DEF7-987D-138993014D29}.Release|Any CPU.Build.0 = Release|Any CPU
	EndGlobalSection
	GlobalSection(SolutionProperties) = preSolution
		HideSolutionNode = FALSE
	EndGlobalSection
	GlobalSection(MonoDevelopProperties) = preSolution
		StartupItem = Assembly-CSharp.csproj
	EndGlobalSection
EndGlobal
